// !$*UTF8*$!
{
	archiveVersion = 1;
	classes = {
	};
	objectVersion = 55;
	objects = {

/* Begin PBXBuildFile section */
		44A137CD2860A9F500708B66 /* AppDelegate.swift in Sources */ = {isa = PBXBuildFile; fileRef = 44A137CC2860A9F500708B66 /* AppDelegate.swift */; };
		44A137CF2860A9F500708B66 /* SceneDelegate.swift in Sources */ = {isa = PBXBuildFile; fileRef = 44A137CE2860A9F500708B66 /* SceneDelegate.swift */; };
		44A137D12860A9F500708B66 /* ViewController.swift in Sources */ = {isa = PBXBuildFile; fileRef = 44A137D02860A9F500708B66 /* ViewController.swift */; };
		44A137D42860A9F500708B66 /* Main.storyboard in Resources */ = {isa = PBXBuildFile; fileRef = 44A137D22860A9F500708B66 /* Main.storyboard */; };
		44A137D62860A9F600708B66 /* Assets.xcassets in Resources */ = {isa = PBXBuildFile; fileRef = 44A137D52860A9F600708B66 /* Assets.xcassets */; };
		44A137D92860A9F600708B66 /* LaunchScreen.storyboard in Resources */ = {isa = PBXBuildFile; fileRef = 44A137D72860A9F600708B66 /* LaunchScreen.storyboard */; };
		44A137DF2860ACEA00708B66 /* libMMCoreNetworkCallbacks.a in Frameworks */ = {isa = PBXBuildFile; fileRef = D895B6052820629A0020D36B /* libMMCoreNetworkCallbacks.a */; };
		D895B630282063200020D36B /* Ext+URLSession.swift in Sources */ = {isa = PBXBuildFile; fileRef = D895B610282063200020D36B /* Ext+URLSession.swift */; };
		D895B631282063200020D36B /* Ext+Dictionary.swift in Sources */ = {isa = PBXBuildFile; fileRef = D895B611282063200020D36B /* Ext+Dictionary.swift */; };
		D895B632282063200020D36B /* APIError.swift in Sources */ = {isa = PBXBuildFile; fileRef = D895B613282063200020D36B /* APIError.swift */; };
		D895B633282063200020D36B /* HTTPContentType.swift in Sources */ = {isa = PBXBuildFile; fileRef = D895B614282063200020D36B /* HTTPContentType.swift */; };
		D895B634282063200020D36B /* APIClient.swift in Sources */ = {isa = PBXBuildFile; fileRef = D895B615282063200020D36B /* APIClient.swift */; };
		D895B635282063200020D36B /* APIClientDelegate.swift in Sources */ = {isa = PBXBuildFile; fileRef = D895B616282063200020D36B /* APIClientDelegate.swift */; };
		D895B636282063200020D36B /* HTTPMethod.swift in Sources */ = {isa = PBXBuildFile; fileRef = D895B617282063200020D36B /* HTTPMethod.swift */; };
		D895B637282063200020D36B /* Response.swift in Sources */ = {isa = PBXBuildFile; fileRef = D895B618282063200020D36B /* Response.swift */; };
		D895B638282063200020D36B /* Request.swift in Sources */ = {isa = PBXBuildFile; fileRef = D895B619282063200020D36B /* Request.swift */; };
		D895B639282063200020D36B /* HTTPProtocol.swift in Sources */ = {isa = PBXBuildFile; fileRef = D895B61A282063200020D36B /* HTTPProtocol.swift */; };
		D895B63A282063200020D36B /* SwiftyJSONSubscript.swift in Sources */ = {isa = PBXBuildFile; fileRef = D895B61C282063200020D36B /* SwiftyJSONSubscript.swift */; };
		D895B63B282063200020D36B /* SwiftyJSON.swift in Sources */ = {isa = PBXBuildFile; fileRef = D895B61D282063200020D36B /* SwiftyJSON.swift */; };
		D895B63C282063200020D36B /* SwiftyJSONError.swift in Sources */ = {isa = PBXBuildFile; fileRef = D895B61E282063200020D36B /* SwiftyJSONError.swift */; };
		D895B63D282063200020D36B /* SwiftyJSONIndex.swift in Sources */ = {isa = PBXBuildFile; fileRef = D895B61F282063200020D36B /* SwiftyJSONIndex.swift */; };
		D895B63E282063200020D36B /* SwiftyJSONLiteralConvertible.swift in Sources */ = {isa = PBXBuildFile; fileRef = D895B620282063200020D36B /* SwiftyJSONLiteralConvertible.swift */; };
		D895B63F282063200020D36B /* SwiftyJSON_Url.swift in Sources */ = {isa = PBXBuildFile; fileRef = D895B622282063200020D36B /* SwiftyJSON_Url.swift */; };
		D895B640282063200020D36B /* SwiftyJSON_String.swift in Sources */ = {isa = PBXBuildFile; fileRef = D895B623282063200020D36B /* SwiftyJSON_String.swift */; };
		D895B641282063200020D36B /* SwiftyJSON_Raw.swift in Sources */ = {isa = PBXBuildFile; fileRef = D895B624282063200020D36B /* SwiftyJSON_Raw.swift */; };
		D895B642282063200020D36B /* SwiftyJSON_Null.swift in Sources */ = {isa = PBXBuildFile; fileRef = D895B625282063200020D36B /* SwiftyJSON_Null.swift */; };
		D895B643282063200020D36B /* SwiftyJSON_Array.swift in Sources */ = {isa = PBXBuildFile; fileRef = D895B626282063200020D36B /* SwiftyJSON_Array.swift */; };
		D895B644282063200020D36B /* SwiftyJSON__Type.swift in Sources */ = {isa = PBXBuildFile; fileRef = D895B627282063200020D36B /* SwiftyJSON__Type.swift */; };
		D895B645282063200020D36B /* SwiftyJSON_Int_Doube.swift in Sources */ = {isa = PBXBuildFile; fileRef = D895B628282063200020D36B /* SwiftyJSON_Int_Doube.swift */; };
		D895B646282063200020D36B /* SwiftyJSON_Bool.swift in Sources */ = {isa = PBXBuildFile; fileRef = D895B629282063200020D36B /* SwiftyJSON_Bool.swift */; };
		D895B647282063200020D36B /* SwiftyJSON_Number.swift in Sources */ = {isa = PBXBuildFile; fileRef = D895B62A282063200020D36B /* SwiftyJSON_Number.swift */; };
		D895B648282063200020D36B /* SwiftyJSON_Dictionary.swift in Sources */ = {isa = PBXBuildFile; fileRef = D895B62C282063200020D36B /* SwiftyJSON_Dictionary.swift */; };
		D895B649282063200020D36B /* SwiftyJSON_Printable.swift in Sources */ = {isa = PBXBuildFile; fileRef = D895B62D282063200020D36B /* SwiftyJSON_Printable.swift */; };
		D895B64A282063200020D36B /* SwiftyJSON_Collection.swift in Sources */ = {isa = PBXBuildFile; fileRef = D895B62E282063200020D36B /* SwiftyJSON_Collection.swift */; };
		D895B64B282063200020D36B /* SwiftyJSON_Comparable.swift in Sources */ = {isa = PBXBuildFile; fileRef = D895B62F282063200020D36B /* SwiftyJSON_Comparable.swift */; };
/* End PBXBuildFile section */

/* Begin PBXContainerItemProxy section */
		44A137E02860ACEA00708B66 /* PBXContainerItemProxy */ = {
			isa = PBXContainerItemProxy;
			containerPortal = D895B5FD2820629A0020D36B /* Project object */;
			proxyType = 1;
			remoteGlobalIDString = D895B6042820629A0020D36B;
			remoteInfo = MMCoreNetworkCallbacks;
		};
/* End PBXContainerItemProxy section */

/* Begin PBXCopyFilesBuildPhase section */
		D895B6032820629A0020D36B /* CopyFiles */ = {
			isa = PBXCopyFilesBuildPhase;
			buildActionMask = 2147483647;
			dstPath = "include/$(PRODUCT_NAME)";
			dstSubfolderSpec = 16;
			files = (
			);
			runOnlyForDeploymentPostprocessing = 0;
		};
/* End PBXCopyFilesBuildPhase section */

/* Begin PBXFileReference section */
		44A137CA2860A9F500708B66 /* NetworkExample.app */ = {isa = PBXFileReference; explicitFileType = wrapper.application; includeInIndex = 0; path = NetworkExample.app; sourceTree = BUILT_PRODUCTS_DIR; };
		44A137CC2860A9F500708B66 /* AppDelegate.swift */ = {isa = PBXFileReference; lastKnownFileType = sourcecode.swift; path = AppDelegate.swift; sourceTree = "<group>"; };
		44A137CE2860A9F500708B66 /* SceneDelegate.swift */ = {isa = PBXFileReference; lastKnownFileType = sourcecode.swift; path = SceneDelegate.swift; sourceTree = "<group>"; };
		44A137D02860A9F500708B66 /* ViewController.swift */ = {isa = PBXFileReference; lastKnownFileType = sourcecode.swift; path = ViewController.swift; sourceTree = "<group>"; };
		44A137D32860A9F500708B66 /* Base */ = {isa = PBXFileReference; lastKnownFileType = file.storyboard; name = Base; path = Base.lproj/Main.storyboard; sourceTree = "<group>"; };
		44A137D52860A9F600708B66 /* Assets.xcassets */ = {isa = PBXFileReference; lastKnownFileType = folder.assetcatalog; path = Assets.xcassets; sourceTree = "<group>"; };
		44A137D82860A9F600708B66 /* Base */ = {isa = PBXFileReference; lastKnownFileType = file.storyboard; name = Base; path = Base.lproj/LaunchScreen.storyboard; sourceTree = "<group>"; };
		44A137DA2860A9F600708B66 /* Info.plist */ = {isa = PBXFileReference; lastKnownFileType = text.plist.xml; path = Info.plist; sourceTree = "<group>"; };
		D895B6052820629A0020D36B /* libMMCoreNetworkCallbacks.a */ = {isa = PBXFileReference; explicitFileType = archive.ar; includeInIndex = 0; path = libMMCoreNetworkCallbacks.a; sourceTree = BUILT_PRODUCTS_DIR; };
		D895B610282063200020D36B /* Ext+URLSession.swift */ = {isa = PBXFileReference; fileEncoding = 4; lastKnownFileType = sourcecode.swift; path = "Ext+URLSession.swift"; sourceTree = "<group>"; };
		D895B611282063200020D36B /* Ext+Dictionary.swift */ = {isa = PBXFileReference; fileEncoding = 4; lastKnownFileType = sourcecode.swift; path = "Ext+Dictionary.swift"; sourceTree = "<group>"; };
		D895B613282063200020D36B /* APIError.swift */ = {isa = PBXFileReference; fileEncoding = 4; lastKnownFileType = sourcecode.swift; path = APIError.swift; sourceTree = "<group>"; };
		D895B614282063200020D36B /* HTTPContentType.swift */ = {isa = PBXFileReference; fileEncoding = 4; lastKnownFileType = sourcecode.swift; path = HTTPContentType.swift; sourceTree = "<group>"; };
		D895B615282063200020D36B /* APIClient.swift */ = {isa = PBXFileReference; fileEncoding = 4; lastKnownFileType = sourcecode.swift; path = APIClient.swift; sourceTree = "<group>"; };
		D895B616282063200020D36B /* APIClientDelegate.swift */ = {isa = PBXFileReference; fileEncoding = 4; lastKnownFileType = sourcecode.swift; path = APIClientDelegate.swift; sourceTree = "<group>"; };
		D895B617282063200020D36B /* HTTPMethod.swift */ = {isa = PBXFileReference; fileEncoding = 4; lastKnownFileType = sourcecode.swift; path = HTTPMethod.swift; sourceTree = "<group>"; };
		D895B618282063200020D36B /* Response.swift */ = {isa = PBXFileReference; fileEncoding = 4; lastKnownFileType = sourcecode.swift; path = Response.swift; sourceTree = "<group>"; };
		D895B619282063200020D36B /* Request.swift */ = {isa = PBXFileReference; fileEncoding = 4; lastKnownFileType = sourcecode.swift; path = Request.swift; sourceTree = "<group>"; };
		D895B61A282063200020D36B /* HTTPProtocol.swift */ = {isa = PBXFileReference; fileEncoding = 4; lastKnownFileType = sourcecode.swift; path = HTTPProtocol.swift; sourceTree = "<group>"; };
		D895B61C282063200020D36B /* SwiftyJSONSubscript.swift */ = {isa = PBXFileReference; fileEncoding = 4; lastKnownFileType = sourcecode.swift; path = SwiftyJSONSubscript.swift; sourceTree = "<group>"; };
		D895B61D282063200020D36B /* SwiftyJSON.swift */ = {isa = PBXFileReference; fileEncoding = 4; lastKnownFileType = sourcecode.swift; path = SwiftyJSON.swift; sourceTree = "<group>"; };
		D895B61E282063200020D36B /* SwiftyJSONError.swift */ = {isa = PBXFileReference; fileEncoding = 4; lastKnownFileType = sourcecode.swift; path = SwiftyJSONError.swift; sourceTree = "<group>"; };
		D895B61F282063200020D36B /* SwiftyJSONIndex.swift */ = {isa = PBXFileReference; fileEncoding = 4; lastKnownFileType = sourcecode.swift; path = SwiftyJSONIndex.swift; sourceTree = "<group>"; };
		D895B620282063200020D36B /* SwiftyJSONLiteralConvertible.swift */ = {isa = PBXFileReference; fileEncoding = 4; lastKnownFileType = sourcecode.swift; path = SwiftyJSONLiteralConvertible.swift; sourceTree = "<group>"; };
		D895B622282063200020D36B /* SwiftyJSON_Url.swift */ = {isa = PBXFileReference; fileEncoding = 4; lastKnownFileType = sourcecode.swift; path = SwiftyJSON_Url.swift; sourceTree = "<group>"; };
		D895B623282063200020D36B /* SwiftyJSON_String.swift */ = {isa = PBXFileReference; fileEncoding = 4; lastKnownFileType = sourcecode.swift; path = SwiftyJSON_String.swift; sourceTree = "<group>"; };
		D895B624282063200020D36B /* SwiftyJSON_Raw.swift */ = {isa = PBXFileReference; fileEncoding = 4; lastKnownFileType = sourcecode.swift; path = SwiftyJSON_Raw.swift; sourceTree = "<group>"; };
		D895B625282063200020D36B /* SwiftyJSON_Null.swift */ = {isa = PBXFileReference; fileEncoding = 4; lastKnownFileType = sourcecode.swift; path = SwiftyJSON_Null.swift; sourceTree = "<group>"; };
		D895B626282063200020D36B /* SwiftyJSON_Array.swift */ = {isa = PBXFileReference; fileEncoding = 4; lastKnownFileType = sourcecode.swift; path = SwiftyJSON_Array.swift; sourceTree = "<group>"; };
		D895B627282063200020D36B /* SwiftyJSON__Type.swift */ = {isa = PBXFileReference; fileEncoding = 4; lastKnownFileType = sourcecode.swift; path = SwiftyJSON__Type.swift; sourceTree = "<group>"; };
		D895B628282063200020D36B /* SwiftyJSON_Int_Doube.swift */ = {isa = PBXFileReference; fileEncoding = 4; lastKnownFileType = sourcecode.swift; path = SwiftyJSON_Int_Doube.swift; sourceTree = "<group>"; };
		D895B629282063200020D36B /* SwiftyJSON_Bool.swift */ = {isa = PBXFileReference; fileEncoding = 4; lastKnownFileType = sourcecode.swift; path = SwiftyJSON_Bool.swift; sourceTree = "<group>"; };
		D895B62A282063200020D36B /* SwiftyJSON_Number.swift */ = {isa = PBXFileReference; fileEncoding = 4; lastKnownFileType = sourcecode.swift; path = SwiftyJSON_Number.swift; sourceTree = "<group>"; };
		D895B62C282063200020D36B /* SwiftyJSON_Dictionary.swift */ = {isa = PBXFileReference; fileEncoding = 4; lastKnownFileType = sourcecode.swift; path = SwiftyJSON_Dictionary.swift; sourceTree = "<group>"; };
		D895B62D282063200020D36B /* SwiftyJSON_Printable.swift */ = {isa = PBXFileReference; fileEncoding = 4; lastKnownFileType = sourcecode.swift; path = SwiftyJSON_Printable.swift; sourceTree = "<group>"; };
		D895B62E282063200020D36B /* SwiftyJSON_Collection.swift */ = {isa = PBXFileReference; fileEncoding = 4; lastKnownFileType = sourcecode.swift; path = SwiftyJSON_Collection.swift; sourceTree = "<group>"; };
		D895B62F282063200020D36B /* SwiftyJSON_Comparable.swift */ = {isa = PBXFileReference; fileEncoding = 4; lastKnownFileType = sourcecode.swift; path = SwiftyJSON_Comparable.swift; sourceTree = "<group>"; };
/* End PBXFileReference section */

/* Begin PBXFrameworksBuildPhase section */
		44A137C72860A9F500708B66 /* Frameworks */ = {
			isa = PBXFrameworksBuildPhase;
			buildActionMask = 2147483647;
			files = (
				44A137DF2860ACEA00708B66 /* libMMCoreNetworkCallbacks.a in Frameworks */,
			);
			runOnlyForDeploymentPostprocessing = 0;
		};
		D895B6022820629A0020D36B /* Frameworks */ = {
			isa = PBXFrameworksBuildPhase;
			buildActionMask = 2147483647;
			files = (
			);
			runOnlyForDeploymentPostprocessing = 0;
		};
/* End PBXFrameworksBuildPhase section */

/* Begin PBXGroup section */
		44A137CB2860A9F500708B66 /* NetworkExample */ = {
			isa = PBXGroup;
			children = (
				44A137CC2860A9F500708B66 /* AppDelegate.swift */,
				44A137CE2860A9F500708B66 /* SceneDelegate.swift */,
				44A137D02860A9F500708B66 /* ViewController.swift */,
				44A137D22860A9F500708B66 /* Main.storyboard */,
				44A137D52860A9F600708B66 /* Assets.xcassets */,
				44A137D72860A9F600708B66 /* LaunchScreen.storyboard */,
				44A137DA2860A9F600708B66 /* Info.plist */,
			);
			path = NetworkExample;
			sourceTree = "<group>";
		};
		44A137DE2860ACEA00708B66 /* Frameworks */ = {
			isa = PBXGroup;
			children = (
			);
			name = Frameworks;
			sourceTree = "<group>";
		};
		D895B5FC2820629A0020D36B = {
			isa = PBXGroup;
			children = (
				D895B6072820629A0020D36B /* MMCoreNetworkCallbacks */,
				44A137CB2860A9F500708B66 /* NetworkExample */,
				D895B6062820629A0020D36B /* Products */,
				44A137DE2860ACEA00708B66 /* Frameworks */,
			);
			sourceTree = "<group>";
		};
		D895B6062820629A0020D36B /* Products */ = {
			isa = PBXGroup;
			children = (
				D895B6052820629A0020D36B /* libMMCoreNetworkCallbacks.a */,
				44A137CA2860A9F500708B66 /* NetworkExample.app */,
			);
			name = Products;
			sourceTree = "<group>";
		};
		D895B6072820629A0020D36B /* MMCoreNetworkCallbacks */ = {
			isa = PBXGroup;
			children = (
				D895B612282063200020D36B /* CoreNetwork */,
				D895B60F282063200020D36B /* Extensions */,
				D895B61B282063200020D36B /* SwiftyJSON */,
			);
			path = MMCoreNetworkCallbacks;
			sourceTree = "<group>";
		};
		D895B60F282063200020D36B /* Extensions */ = {
			isa = PBXGroup;
			children = (
				D895B610282063200020D36B /* Ext+URLSession.swift */,
				D895B611282063200020D36B /* Ext+Dictionary.swift */,
			);
			path = Extensions;
			sourceTree = "<group>";
		};
		D895B612282063200020D36B /* CoreNetwork */ = {
			isa = PBXGroup;
			children = (
				D895B613282063200020D36B /* APIError.swift */,
				D895B614282063200020D36B /* HTTPContentType.swift */,
				D895B615282063200020D36B /* APIClient.swift */,
				D895B616282063200020D36B /* APIClientDelegate.swift */,
				D895B617282063200020D36B /* HTTPMethod.swift */,
				D895B618282063200020D36B /* Response.swift */,
				D895B619282063200020D36B /* Request.swift */,
				D895B61A282063200020D36B /* HTTPProtocol.swift */,
			);
			path = CoreNetwork;
			sourceTree = "<group>";
		};
		D895B61B282063200020D36B /* SwiftyJSON */ = {
			isa = PBXGroup;
			children = (
				D895B61C282063200020D36B /* SwiftyJSONSubscript.swift */,
				D895B61D282063200020D36B /* SwiftyJSON.swift */,
				D895B61E282063200020D36B /* SwiftyJSONError.swift */,
				D895B61F282063200020D36B /* SwiftyJSONIndex.swift */,
				D895B620282063200020D36B /* SwiftyJSONLiteralConvertible.swift */,
				D895B621282063200020D36B /* Values */,
				D895B62B282063200020D36B /* Extensions */,
			);
			path = SwiftyJSON;
			sourceTree = "<group>";
		};
		D895B621282063200020D36B /* Values */ = {
			isa = PBXGroup;
			children = (
				D895B622282063200020D36B /* SwiftyJSON_Url.swift */,
				D895B623282063200020D36B /* SwiftyJSON_String.swift */,
				D895B624282063200020D36B /* SwiftyJSON_Raw.swift */,
				D895B625282063200020D36B /* SwiftyJSON_Null.swift */,
				D895B626282063200020D36B /* SwiftyJSON_Array.swift */,
				D895B627282063200020D36B /* SwiftyJSON__Type.swift */,
				D895B628282063200020D36B /* SwiftyJSON_Int_Doube.swift */,
				D895B629282063200020D36B /* SwiftyJSON_Bool.swift */,
				D895B62A282063200020D36B /* SwiftyJSON_Number.swift */,
			);
			path = Values;
			sourceTree = "<group>";
		};
		D895B62B282063200020D36B /* Extensions */ = {
			isa = PBXGroup;
			children = (
				D895B62C282063200020D36B /* SwiftyJSON_Dictionary.swift */,
				D895B62D282063200020D36B /* SwiftyJSON_Printable.swift */,
				D895B62E282063200020D36B /* SwiftyJSON_Collection.swift */,
				D895B62F282063200020D36B /* SwiftyJSON_Comparable.swift */,
			);
			path = Extensions;
			sourceTree = "<group>";
		};
/* End PBXGroup section */

/* Begin PBXNativeTarget section */
		44A137C92860A9F500708B66 /* NetworkExample */ = {
			isa = PBXNativeTarget;
			buildConfigurationList = 44A137DB2860A9F600708B66 /* Build configuration list for PBXNativeTarget "NetworkExample" */;
			buildPhases = (
				44A137C62860A9F500708B66 /* Sources */,
				44A137C72860A9F500708B66 /* Frameworks */,
				44A137C82860A9F500708B66 /* Resources */,
			);
			buildRules = (
			);
			dependencies = (
				44A137E12860ACEA00708B66 /* PBXTargetDependency */,
			);
			name = NetworkExample;
			productName = NetworkExample;
			productReference = 44A137CA2860A9F500708B66 /* NetworkExample.app */;
			productType = "com.apple.product-type.application";
		};
		D895B6042820629A0020D36B /* MMCoreNetworkCallbacks */ = {
			isa = PBXNativeTarget;
			buildConfigurationList = D895B60C2820629A0020D36B /* Build configuration list for PBXNativeTarget "MMCoreNetworkCallbacks" */;
			buildPhases = (
				D895B6012820629A0020D36B /* Sources */,
				D895B6022820629A0020D36B /* Frameworks */,
				D895B6032820629A0020D36B /* CopyFiles */,
			);
			buildRules = (
			);
			dependencies = (
			);
			name = MMCoreNetworkCallbacks;
			productName = MMCoreNetworkCallbacks;
			productReference = D895B6052820629A0020D36B /* libMMCoreNetworkCallbacks.a */;
			productType = "com.apple.product-type.library.static";
		};
/* End PBXNativeTarget section */

/* Begin PBXProject section */
		D895B5FD2820629A0020D36B /* Project object */ = {
			isa = PBXProject;
			attributes = {
				BuildIndependentTargetsInParallel = 1;
				LastSwiftUpdateCheck = 1340;
				LastUpgradeCheck = 1320;
				TargetAttributes = {
					44A137C92860A9F500708B66 = {
						CreatedOnToolsVersion = 13.4.1;
					};
					D895B6042820629A0020D36B = {
						CreatedOnToolsVersion = 13.2.1;
					};
				};
			};
			buildConfigurationList = D895B6002820629A0020D36B /* Build configuration list for PBXProject "MMCoreNetworkCallbacks" */;
			compatibilityVersion = "Xcode 13.0";
			developmentRegion = en;
			hasScannedForEncodings = 0;
			knownRegions = (
				en,
				Base,
			);
			mainGroup = D895B5FC2820629A0020D36B;
			productRefGroup = D895B6062820629A0020D36B /* Products */;
			projectDirPath = "";
			projectRoot = "";
			targets = (
				D895B6042820629A0020D36B /* MMCoreNetworkCallbacks */,
				44A137C92860A9F500708B66 /* NetworkExample */,
			);
		};
/* End PBXProject section */

/* Begin PBXResourcesBuildPhase section */
		44A137C82860A9F500708B66 /* Resources */ = {
			isa = PBXResourcesBuildPhase;
			buildActionMask = 2147483647;
			files = (
				44A137D92860A9F600708B66 /* LaunchScreen.storyboard in Resources */,
				44A137D62860A9F600708B66 /* Assets.xcassets in Resources */,
				44A137D42860A9F500708B66 /* Main.storyboard in Resources */,
			);
			runOnlyForDeploymentPostprocessing = 0;
		};
/* End PBXResourcesBuildPhase section */

/* Begin PBXSourcesBuildPhase section */
		44A137C62860A9F500708B66 /* Sources */ = {
			isa = PBXSourcesBuildPhase;
			buildActionMask = 2147483647;
			files = (
				44A137D12860A9F500708B66 /* ViewController.swift in Sources */,
				44A137CD2860A9F500708B66 /* AppDelegate.swift in Sources */,
				44A137CF2860A9F500708B66 /* SceneDelegate.swift in Sources */,
			);
			runOnlyForDeploymentPostprocessing = 0;
		};
		D895B6012820629A0020D36B /* Sources */ = {
			isa = PBXSourcesBuildPhase;
			buildActionMask = 2147483647;
			files = (
				D895B645282063200020D36B /* SwiftyJSON_Int_Doube.swift in Sources */,
				D895B631282063200020D36B /* Ext+Dictionary.swift in Sources */,
				D895B643282063200020D36B /* SwiftyJSON_Array.swift in Sources */,
				D895B646282063200020D36B /* SwiftyJSON_Bool.swift in Sources */,
				D895B632282063200020D36B /* APIError.swift in Sources */,
				D895B64A282063200020D36B /* SwiftyJSON_Collection.swift in Sources */,
				D895B644282063200020D36B /* SwiftyJSON__Type.swift in Sources */,
				D895B641282063200020D36B /* SwiftyJSON_Raw.swift in Sources */,
				D895B648282063200020D36B /* SwiftyJSON_Dictionary.swift in Sources */,
				D895B63F282063200020D36B /* SwiftyJSON_Url.swift in Sources */,
				D895B630282063200020D36B /* Ext+URLSession.swift in Sources */,
				D895B63E282063200020D36B /* SwiftyJSONLiteralConvertible.swift in Sources */,
				D895B63D282063200020D36B /* SwiftyJSONIndex.swift in Sources */,
				D895B63A282063200020D36B /* SwiftyJSONSubscript.swift in Sources */,
				D895B640282063200020D36B /* SwiftyJSON_String.swift in Sources */,
				D895B642282063200020D36B /* SwiftyJSON_Null.swift in Sources */,
				D895B649282063200020D36B /* SwiftyJSON_Printable.swift in Sources */,
				D895B637282063200020D36B /* Response.swift in Sources */,
				D895B64B282063200020D36B /* SwiftyJSON_Comparable.swift in Sources */,
				D895B647282063200020D36B /* SwiftyJSON_Number.swift in Sources */,
				D895B636282063200020D36B /* HTTPMethod.swift in Sources */,
				D895B635282063200020D36B /* APIClientDelegate.swift in Sources */,
				D895B63C282063200020D36B /* SwiftyJSONError.swift in Sources */,
				D895B639282063200020D36B /* HTTPProtocol.swift in Sources */,
				D895B638282063200020D36B /* Request.swift in Sources */,
				D895B633282063200020D36B /* HTTPContentType.swift in Sources */,
				D895B63B282063200020D36B /* SwiftyJSON.swift in Sources */,
				D895B634282063200020D36B /* APIClient.swift in Sources */,
			);
			runOnlyForDeploymentPostprocessing = 0;
		};
/* End PBXSourcesBuildPhase section */

/* Begin PBXTargetDependency section */
		44A137E12860ACEA00708B66 /* PBXTargetDependency */ = {
			isa = PBXTargetDependency;
			target = D895B6042820629A0020D36B /* MMCoreNetworkCallbacks */;
			targetProxy = 44A137E02860ACEA00708B66 /* PBXContainerItemProxy */;
		};
/* End PBXTargetDependency section */

/* Begin PBXVariantGroup section */
		44A137D22860A9F500708B66 /* Main.storyboard */ = {
			isa = PBXVariantGroup;
			children = (
				44A137D32860A9F500708B66 /* Base */,
			);
			name = Main.storyboard;
			sourceTree = "<group>";
		};
		44A137D72860A9F600708B66 /* LaunchScreen.storyboard */ = {
			isa = PBXVariantGroup;
			children = (
				44A137D82860A9F600708B66 /* Base */,
			);
			name = LaunchScreen.storyboard;
			sourceTree = "<group>";
		};
/* End PBXVariantGroup section */

/* Begin XCBuildConfiguration section */
		44A137DC2860A9F600708B66 /* Debug */ = {
			isa = XCBuildConfiguration;
			buildSettings = {
				ASSETCATALOG_COMPILER_APPICON_NAME = AppIcon;
				ASSETCATALOG_COMPILER_GLOBAL_ACCENT_COLOR_NAME = AccentColor;
				CODE_SIGN_STYLE = Automatic;
				CURRENT_PROJECT_VERSION = 1;
				DEVELOPMENT_TEAM = PS3BVPM73X;
				GENERATE_INFOPLIST_FILE = YES;
				INFOPLIST_FILE = NetworkExample/Info.plist;
				INFOPLIST_KEY_UIApplicationSupportsIndirectInputEvents = YES;
				INFOPLIST_KEY_UILaunchStoryboardName = LaunchScreen;
				INFOPLIST_KEY_UIMainStoryboardFile = Main;
				INFOPLIST_KEY_UISupportedInterfaceOrientations_iPad = "UIInterfaceOrientationPortrait UIInterfaceOrientationPortraitUpsideDown UIInterfaceOrientationLandscapeLeft UIInterfaceOrientationLandscapeRight";
				INFOPLIST_KEY_UISupportedInterfaceOrientations_iPhone = "UIInterfaceOrientationPortrait UIInterfaceOrientationLandscapeLeft UIInterfaceOrientationLandscapeRight";
				IPHONEOS_DEPLOYMENT_TARGET = 13.0;
				LD_RUNPATH_SEARCH_PATHS = (
					"$(inherited)",
					"@executable_path/Frameworks",
				);
				MARKETING_VERSION = 1.0;
				PRODUCT_BUNDLE_IDENTIFIER = ru.mosmetro.NetworkExample;
				PRODUCT_NAME = "$(TARGET_NAME)";
				SWIFT_EMIT_LOC_STRINGS = YES;
				SWIFT_VERSION = 5.0;
				TARGETED_DEVICE_FAMILY = "1,2";
			};
			name = Debug;
		};
		44A137DD2860A9F600708B66 /* Release */ = {
			isa = XCBuildConfiguration;
			buildSettings = {
				ASSETCATALOG_COMPILER_APPICON_NAME = AppIcon;
				ASSETCATALOG_COMPILER_GLOBAL_ACCENT_COLOR_NAME = AccentColor;
				CODE_SIGN_STYLE = Automatic;
				CURRENT_PROJECT_VERSION = 1;
				DEVELOPMENT_TEAM = PS3BVPM73X;
				GENERATE_INFOPLIST_FILE = YES;
				INFOPLIST_FILE = NetworkExample/Info.plist;
				INFOPLIST_KEY_UIApplicationSupportsIndirectInputEvents = YES;
				INFOPLIST_KEY_UILaunchStoryboardName = LaunchScreen;
				INFOPLIST_KEY_UIMainStoryboardFile = Main;
				INFOPLIST_KEY_UISupportedInterfaceOrientations_iPad = "UIInterfaceOrientationPortrait UIInterfaceOrientationPortraitUpsideDown UIInterfaceOrientationLandscapeLeft UIInterfaceOrientationLandscapeRight";
				INFOPLIST_KEY_UISupportedInterfaceOrientations_iPhone = "UIInterfaceOrientationPortrait UIInterfaceOrientationLandscapeLeft UIInterfaceOrientationLandscapeRight";
				IPHONEOS_DEPLOYMENT_TARGET = 13.0;
				LD_RUNPATH_SEARCH_PATHS = (
					"$(inherited)",
					"@executable_path/Frameworks",
				);
				MARKETING_VERSION = 1.0;
				PRODUCT_BUNDLE_IDENTIFIER = ru.mosmetro.NetworkExample;
				PRODUCT_NAME = "$(TARGET_NAME)";
				SWIFT_EMIT_LOC_STRINGS = YES;
				SWIFT_VERSION = 5.0;
				TARGETED_DEVICE_FAMILY = "1,2";
			};
			name = Release;
		};
		D895B60A2820629A0020D36B /* Debug */ = {
			isa = XCBuildConfiguration;
			buildSettings = {
				ALWAYS_SEARCH_USER_PATHS = NO;
				CLANG_ANALYZER_NONNULL = YES;
				CLANG_ANALYZER_NUMBER_OBJECT_CONVERSION = YES_AGGRESSIVE;
				CLANG_CXX_LANGUAGE_STANDARD = "gnu++17";
				CLANG_CXX_LIBRARY = "libc++";
				CLANG_ENABLE_MODULES = YES;
				CLANG_ENABLE_OBJC_ARC = YES;
				CLANG_ENABLE_OBJC_WEAK = YES;
				CLANG_WARN_BLOCK_CAPTURE_AUTORELEASING = YES;
				CLANG_WARN_BOOL_CONVERSION = YES;
				CLANG_WARN_COMMA = YES;
				CLANG_WARN_CONSTANT_CONVERSION = YES;
				CLANG_WARN_DEPRECATED_OBJC_IMPLEMENTATIONS = YES;
				CLANG_WARN_DIRECT_OBJC_ISA_USAGE = YES_ERROR;
				CLANG_WARN_DOCUMENTATION_COMMENTS = YES;
				CLANG_WARN_EMPTY_BODY = YES;
				CLANG_WARN_ENUM_CONVERSION = YES;
				CLANG_WARN_INFINITE_RECURSION = YES;
				CLANG_WARN_INT_CONVERSION = YES;
				CLANG_WARN_NON_LITERAL_NULL_CONVERSION = YES;
				CLANG_WARN_OBJC_IMPLICIT_RETAIN_SELF = YES;
				CLANG_WARN_OBJC_LITERAL_CONVERSION = YES;
				CLANG_WARN_OBJC_ROOT_CLASS = YES_ERROR;
				CLANG_WARN_QUOTED_INCLUDE_IN_FRAMEWORK_HEADER = YES;
				CLANG_WARN_RANGE_LOOP_ANALYSIS = YES;
				CLANG_WARN_STRICT_PROTOTYPES = YES;
				CLANG_WARN_SUSPICIOUS_MOVE = YES;
				CLANG_WARN_UNGUARDED_AVAILABILITY = YES_AGGRESSIVE;
				CLANG_WARN_UNREACHABLE_CODE = YES;
				CLANG_WARN__DUPLICATE_METHOD_MATCH = YES;
				COPY_PHASE_STRIP = NO;
				DEBUG_INFORMATION_FORMAT = dwarf;
				ENABLE_STRICT_OBJC_MSGSEND = YES;
				ENABLE_TESTABILITY = YES;
				GCC_C_LANGUAGE_STANDARD = gnu11;
				GCC_DYNAMIC_NO_PIC = NO;
				GCC_NO_COMMON_BLOCKS = YES;
				GCC_OPTIMIZATION_LEVEL = 0;
				GCC_PREPROCESSOR_DEFINITIONS = (
					"DEBUG=1",
					"$(inherited)",
				);
				GCC_WARN_64_TO_32_BIT_CONVERSION = YES;
				GCC_WARN_ABOUT_RETURN_TYPE = YES_ERROR;
				GCC_WARN_UNDECLARED_SELECTOR = YES;
				GCC_WARN_UNINITIALIZED_AUTOS = YES_AGGRESSIVE;
				GCC_WARN_UNUSED_FUNCTION = YES;
				GCC_WARN_UNUSED_VARIABLE = YES;
				IPHONEOS_DEPLOYMENT_TARGET = 13.0;
				MTL_ENABLE_DEBUG_INFO = INCLUDE_SOURCE;
				MTL_FAST_MATH = YES;
				ONLY_ACTIVE_ARCH = YES;
				SDKROOT = iphoneos;
				SWIFT_ACTIVE_COMPILATION_CONDITIONS = DEBUG;
				SWIFT_OPTIMIZATION_LEVEL = "-Onone";
			};
			name = Debug;
		};
		D895B60B2820629A0020D36B /* Release */ = {
			isa = XCBuildConfiguration;
			buildSettings = {
				ALWAYS_SEARCH_USER_PATHS = NO;
				CLANG_ANALYZER_NONNULL = YES;
				CLANG_ANALYZER_NUMBER_OBJECT_CONVERSION = YES_AGGRESSIVE;
				CLANG_CXX_LANGUAGE_STANDARD = "gnu++17";
				CLANG_CXX_LIBRARY = "libc++";
				CLANG_ENABLE_MODULES = YES;
				CLANG_ENABLE_OBJC_ARC = YES;
				CLANG_ENABLE_OBJC_WEAK = YES;
				CLANG_WARN_BLOCK_CAPTURE_AUTORELEASING = YES;
				CLANG_WARN_BOOL_CONVERSION = YES;
				CLANG_WARN_COMMA = YES;
				CLANG_WARN_CONSTANT_CONVERSION = YES;
				CLANG_WARN_DEPRECATED_OBJC_IMPLEMENTATIONS = YES;
				CLANG_WARN_DIRECT_OBJC_ISA_USAGE = YES_ERROR;
				CLANG_WARN_DOCUMENTATION_COMMENTS = YES;
				CLANG_WARN_EMPTY_BODY = YES;
				CLANG_WARN_ENUM_CONVERSION = YES;
				CLANG_WARN_INFINITE_RECURSION = YES;
				CLANG_WARN_INT_CONVERSION = YES;
				CLANG_WARN_NON_LITERAL_NULL_CONVERSION = YES;
				CLANG_WARN_OBJC_IMPLICIT_RETAIN_SELF = YES;
				CLANG_WARN_OBJC_LITERAL_CONVERSION = YES;
				CLANG_WARN_OBJC_ROOT_CLASS = YES_ERROR;
				CLANG_WARN_QUOTED_INCLUDE_IN_FRAMEWORK_HEADER = YES;
				CLANG_WARN_RANGE_LOOP_ANALYSIS = YES;
				CLANG_WARN_STRICT_PROTOTYPES = YES;
				CLANG_WARN_SUSPICIOUS_MOVE = YES;
				CLANG_WARN_UNGUARDED_AVAILABILITY = YES_AGGRESSIVE;
				CLANG_WARN_UNREACHABLE_CODE = YES;
				CLANG_WARN__DUPLICATE_METHOD_MATCH = YES;
				COPY_PHASE_STRIP = NO;
				DEBUG_INFORMATION_FORMAT = "dwarf-with-dsym";
				ENABLE_NS_ASSERTIONS = NO;
				ENABLE_STRICT_OBJC_MSGSEND = YES;
				GCC_C_LANGUAGE_STANDARD = gnu11;
				GCC_NO_COMMON_BLOCKS = YES;
				GCC_WARN_64_TO_32_BIT_CONVERSION = YES;
				GCC_WARN_ABOUT_RETURN_TYPE = YES_ERROR;
				GCC_WARN_UNDECLARED_SELECTOR = YES;
				GCC_WARN_UNINITIALIZED_AUTOS = YES_AGGRESSIVE;
				GCC_WARN_UNUSED_FUNCTION = YES;
				GCC_WARN_UNUSED_VARIABLE = YES;
				IPHONEOS_DEPLOYMENT_TARGET = 13.0;
				MTL_ENABLE_DEBUG_INFO = NO;
				MTL_FAST_MATH = YES;
				SDKROOT = iphoneos;
				SWIFT_COMPILATION_MODE = wholemodule;
				SWIFT_OPTIMIZATION_LEVEL = "-O";
				VALIDATE_PRODUCT = YES;
			};
			name = Release;
		};
		D895B60D2820629A0020D36B /* Debug */ = {
			isa = XCBuildConfiguration;
			buildSettings = {
				CODE_SIGN_STYLE = Automatic;
				DEVELOPMENT_TEAM = PS3BVPM73X;
				OTHER_LDFLAGS = "-ObjC";
				PRODUCT_NAME = "$(TARGET_NAME)";
				SKIP_INSTALL = YES;
				SWIFT_VERSION = 5.0;
				TARGETED_DEVICE_FAMILY = "1,2";
			};
			name = Debug;
		};
		D895B60E2820629A0020D36B /* Release */ = {
			isa = XCBuildConfiguration;
			buildSettings = {
				CODE_SIGN_STYLE = Automatic;
				DEVELOPMENT_TEAM = PS3BVPM73X;
				OTHER_LDFLAGS = "-ObjC";
				PRODUCT_NAME = "$(TARGET_NAME)";
				SKIP_INSTALL = YES;
				SWIFT_VERSION = 5.0;
				TARGETED_DEVICE_FAMILY = "1,2";
			};
			name = Release;
		};
/* End XCBuildConfiguration section */

/* Begin XCConfigurationList section */
		44A137DB2860A9F600708B66 /* Build configuration list for PBXNativeTarget "NetworkExample" */ = {
			isa = XCConfigurationList;
			buildConfigurations = (
				44A137DC2860A9F600708B66 /* Debug */,
				44A137DD2860A9F600708B66 /* Release */,
			);
			defaultConfigurationIsVisible = 0;
			defaultConfigurationName = Release;
		};
		D895B6002820629A0020D36B /* Build configuration list for PBXProject "MMCoreNetworkCallbacks" */ = {
			isa = XCConfigurationList;
			buildConfigurations = (
				D895B60A2820629A0020D36B /* Debug */,
				D895B60B2820629A0020D36B /* Release */,
			);
			defaultConfigurationIsVisible = 0;
			defaultConfigurationName = Release;
		};
		D895B60C2820629A0020D36B /* Build configuration list for PBXNativeTarget "MMCoreNetworkCallbacks" */ = {
			isa = XCConfigurationList;
			buildConfigurations = (
				D895B60D2820629A0020D36B /* Debug */,
				D895B60E2820629A0020D36B /* Release */,
			);
			defaultConfigurationIsVisible = 0;
			defaultConfigurationName = Release;
		};
/* End XCConfigurationList section */
	};
	rootObject = D895B5FD2820629A0020D36B /* Project object */;
}
